// !$*UTF8*$!
{
	archiveVersion = 1;
	classes = {
	};
	objectVersion = 46;
	objects = {

/* Begin PBXBuildFile section */
		692DAFBF197D60DC004AC666 /* Foundation.framework in Frameworks */ = {isa = PBXBuildFile; fileRef = 692DAFBE197D60DC004AC666 /* Foundation.framework */; };
		692DAFC1197D60DC004AC666 /* CoreGraphics.framework in Frameworks */ = {isa = PBXBuildFile; fileRef = 692DAFC0197D60DC004AC666 /* CoreGraphics.framework */; };
		692DAFC3197D60DC004AC666 /* UIKit.framework in Frameworks */ = {isa = PBXBuildFile; fileRef = 692DAFC2197D60DC004AC666 /* UIKit.framework */; };
		692DAFC9197D60DC004AC666 /* InfoPlist.strings in Resources */ = {isa = PBXBuildFile; fileRef = 692DAFC7197D60DC004AC666 /* InfoPlist.strings */; };
		692DAFCB197D60DC004AC666 /* main.m in Sources */ = {isa = PBXBuildFile; fileRef = 692DAFCA197D60DC004AC666 /* main.m */; };
		692DAFCF197D60DC004AC666 /* AppDelegate.m in Sources */ = {isa = PBXBuildFile; fileRef = 692DAFCE197D60DC004AC666 /* AppDelegate.m */; };
		692DAFD2197D60DC004AC666 /* Main_iPhone.storyboard in Resources */ = {isa = PBXBuildFile; fileRef = 692DAFD0197D60DC004AC666 /* Main_iPhone.storyboard */; };
		692DAFD5197D60DC004AC666 /* Main_iPad.storyboard in Resources */ = {isa = PBXBuildFile; fileRef = 692DAFD3197D60DC004AC666 /* Main_iPad.storyboard */; };
		692DAFD8197D60DC004AC666 /* ViewController.m in Sources */ = {isa = PBXBuildFile; fileRef = 692DAFD7197D60DC004AC666 /* ViewController.m */; };
		692DAFDA197D60DC004AC666 /* Images.xcassets in Resources */ = {isa = PBXBuildFile; fileRef = 692DAFD9197D60DC004AC666 /* Images.xcassets */; };
		692DAFE1197D60DC004AC666 /* XCTest.framework in Frameworks */ = {isa = PBXBuildFile; fileRef = 692DAFE0197D60DC004AC666 /* XCTest.framework */; };
		692DAFE2197D60DC004AC666 /* Foundation.framework in Frameworks */ = {isa = PBXBuildFile; fileRef = 692DAFBE197D60DC004AC666 /* Foundation.framework */; };
		692DAFE3197D60DC004AC666 /* UIKit.framework in Frameworks */ = {isa = PBXBuildFile; fileRef = 692DAFC2197D60DC004AC666 /* UIKit.framework */; };
		692DAFEB197D60DC004AC666 /* InfoPlist.strings in Resources */ = {isa = PBXBuildFile; fileRef = 692DAFE9197D60DC004AC666 /* InfoPlist.strings */; };
		692DAFED197D60DC004AC666 /* matchmeTests.m in Sources */ = {isa = PBXBuildFile; fileRef = 692DAFEC197D60DC004AC666 /* matchmeTests.m */; };
/* End PBXBuildFile section */

/* Begin PBXContainerItemProxy section */
		692DAFE4197D60DC004AC666 /* PBXContainerItemProxy */ = {
			isa = PBXContainerItemProxy;
			containerPortal = 692DAFB3197D60DC004AC666 /* Project object */;
			proxyType = 1;
			remoteGlobalIDString = 692DAFBA197D60DC004AC666;
			remoteInfo = matchme;
		};
/* End PBXContainerItemProxy section */

/* Begin PBXFileReference section */
		692DAFBB197D60DC004AC666 /* matchme.app */ = {isa = PBXFileReference; explicitFileType = wrapper.application; includeInIndex = 0; path = matchme.app; sourceTree = BUILT_PRODUCTS_DIR; };
		692DAFBE197D60DC004AC666 /* Foundation.framework */ = {isa = PBXFileReference; lastKnownFileType = wrapper.framework; name = Foundation.framework; path = System/Library/Frameworks/Foundation.framework; sourceTree = SDKROOT; };
		692DAFC0197D60DC004AC666 /* CoreGraphics.framework */ = {isa = PBXFileReference; lastKnownFileType = wrapper.framework; name = CoreGraphics.framework; path = System/Library/Frameworks/CoreGraphics.framework; sourceTree = SDKROOT; };
		692DAFC2197D60DC004AC666 /* UIKit.framework */ = {isa = PBXFileReference; lastKnownFileType = wrapper.framework; name = UIKit.framework; path = System/Library/Frameworks/UIKit.framework; sourceTree = SDKROOT; };
		692DAFC6197D60DC004AC666 /* matchme-Info.plist */ = {isa = PBXFileReference; lastKnownFileType = text.plist.xml; path = "matchme-Info.plist"; sourceTree = "<group>"; };
		692DAFC8197D60DC004AC666 /* en */ = {isa = PBXFileReference; lastKnownFileType = text.plist.strings; name = en; path = en.lproj/InfoPlist.strings; sourceTree = "<group>"; };
		692DAFCA197D60DC004AC666 /* main.m */ = {isa = PBXFileReference; lastKnownFileType = sourcecode.c.objc; path = main.m; sourceTree = "<group>"; };
		692DAFCC197D60DC004AC666 /* matchme-Prefix.pch */ = {isa = PBXFileReference; lastKnownFileType = sourcecode.c.h; path = "matchme-Prefix.pch"; sourceTree = "<group>"; };
		692DAFCD197D60DC004AC666 /* AppDelegate.h */ = {isa = PBXFileReference; lastKnownFileType = sourcecode.c.h; path = AppDelegate.h; sourceTree = "<group>"; };
		692DAFCE197D60DC004AC666 /* AppDelegate.m */ = {isa = PBXFileReference; lastKnownFileType = sourcecode.c.objc; path = AppDelegate.m; sourceTree = "<group>"; };
		692DAFD1197D60DC004AC666 /* Base */ = {isa = PBXFileReference; lastKnownFileType = file.storyboard; name = Base; path = Base.lproj/Main_iPhone.storyboard; sourceTree = "<group>"; };
		692DAFD4197D60DC004AC666 /* Base */ = {isa = PBXFileReference; lastKnownFileType = file.storyboard; name = Base; path = Base.lproj/Main_iPad.storyboard; sourceTree = "<group>"; };
		692DAFD6197D60DC004AC666 /* ViewController.h */ = {isa = PBXFileReference; lastKnownFileType = sourcecode.c.h; path = ViewController.h; sourceTree = "<group>"; };
		692DAFD7197D60DC004AC666 /* ViewController.m */ = {isa = PBXFileReference; lastKnownFileType = sourcecode.c.objc; path = ViewController.m; sourceTree = "<group>"; };
		692DAFD9197D60DC004AC666 /* Images.xcassets */ = {isa = PBXFileReference; lastKnownFileType = folder.assetcatalog; path = Images.xcassets; sourceTree = "<group>"; };
		692DAFDF197D60DC004AC666 /* matchmeTests.xctest */ = {isa = PBXFileReference; explicitFileType = wrapper.cfbundle; includeInIndex = 0; path = matchmeTests.xctest; sourceTree = BUILT_PRODUCTS_DIR; };
		692DAFE0197D60DC004AC666 /* XCTest.framework */ = {isa = PBXFileReference; lastKnownFileType = wrapper.framework; name = XCTest.framework; path = Library/Frameworks/XCTest.framework; sourceTree = DEVELOPER_DIR; };
		692DAFE8197D60DC004AC666 /* matchmeTests-Info.plist */ = {isa = PBXFileReference; lastKnownFileType = text.plist.xml; path = "matchmeTests-Info.plist"; sourceTree = "<group>"; };
		692DAFEA197D60DC004AC666 /* en */ = {isa = PBXFileReference; lastKnownFileType = text.plist.strings; name = en; path = en.lproj/InfoPlist.strings; sourceTree = "<group>"; };
		692DAFEC197D60DC004AC666 /* matchmeTests.m */ = {isa = PBXFileReference; lastKnownFileType = sourcecode.c.objc; path = matchmeTests.m; sourceTree = "<group>"; };
/* End PBXFileReference section */

/* Begin PBXFrameworksBuildPhase section */
		692DAFB8197D60DC004AC666 /* Frameworks */ = {
			isa = PBXFrameworksBuildPhase;
			buildActionMask = 2147483647;
			files = (
				692DAFC1197D60DC004AC666 /* CoreGraphics.framework in Frameworks */,
				692DAFC3197D60DC004AC666 /* UIKit.framework in Frameworks */,
				692DAFBF197D60DC004AC666 /* Foundation.framework in Frameworks */,
			);
			runOnlyForDeploymentPostprocessing = 0;
		};
		692DAFDC197D60DC004AC666 /* Frameworks */ = {
			isa = PBXFrameworksBuildPhase;
			buildActionMask = 2147483647;
			files = (
				692DAFE1197D60DC004AC666 /* XCTest.framework in Frameworks */,
				692DAFE3197D60DC004AC666 /* UIKit.framework in Frameworks */,
				692DAFE2197D60DC004AC666 /* Foundation.framework in Frameworks */,
			);
			runOnlyForDeploymentPostprocessing = 0;
		};
/* End PBXFrameworksBuildPhase section */

/* Begin PBXGroup section */
		692DAFB2197D60DC004AC666 = {
			isa = PBXGroup;
			children = (
				692DAFC4197D60DC004AC666 /* matchme */,
				692DAFE6197D60DC004AC666 /* matchmeTests */,
				692DAFBD197D60DC004AC666 /* Frameworks */,
				692DAFBC197D60DC004AC666 /* Products */,
			);
			sourceTree = "<group>";
		};
		692DAFBC197D60DC004AC666 /* Products */ = {
			isa = PBXGroup;
			children = (
				692DAFBB197D60DC004AC666 /* matchme.app */,
				692DAFDF197D60DC004AC666 /* matchmeTests.xctest */,
			);
			name = Products;
			sourceTree = "<group>";
		};
		692DAFBD197D60DC004AC666 /* Frameworks */ = {
			isa = PBXGroup;
			children = (
				692DAFBE197D60DC004AC666 /* Foundation.framework */,
				692DAFC0197D60DC004AC666 /* CoreGraphics.framework */,
				692DAFC2197D60DC004AC666 /* UIKit.framework */,
				692DAFE0197D60DC004AC666 /* XCTest.framework */,
			);
			name = Frameworks;
			sourceTree = "<group>";
		};
		692DAFC4197D60DC004AC666 /* matchme */ = {
			isa = PBXGroup;
			children = (
				692DAFCD197D60DC004AC666 /* AppDelegate.h */,
				692DAFCE197D60DC004AC666 /* AppDelegate.m */,
				692DAFD0197D60DC004AC666 /* Main_iPhone.storyboard */,
				692DAFD3197D60DC004AC666 /* Main_iPad.storyboard */,
				692DAFD6197D60DC004AC666 /* ViewController.h */,
				692DAFD7197D60DC004AC666 /* ViewController.m */,
				692DAFD9197D60DC004AC666 /* Images.xcassets */,
				692DAFC5197D60DC004AC666 /* Supporting Files */,
			);
			path = matchme;
			sourceTree = "<group>";
		};
		692DAFC5197D60DC004AC666 /* Supporting Files */ = {
			isa = PBXGroup;
			children = (
				692DAFC6197D60DC004AC666 /* matchme-Info.plist */,
				692DAFC7197D60DC004AC666 /* InfoPlist.strings */,
				692DAFCA197D60DC004AC666 /* main.m */,
				692DAFCC197D60DC004AC666 /* matchme-Prefix.pch */,
			);
			name = "Supporting Files";
			sourceTree = "<group>";
		};
		692DAFE6197D60DC004AC666 /* matchmeTests */ = {
			isa = PBXGroup;
			children = (
				692DAFEC197D60DC004AC666 /* matchmeTests.m */,
				692DAFE7197D60DC004AC666 /* Supporting Files */,
			);
			path = matchmeTests;
			sourceTree = "<group>";
		};
		692DAFE7197D60DC004AC666 /* Supporting Files */ = {
			isa = PBXGroup;
			children = (
				692DAFE8197D60DC004AC666 /* matchmeTests-Info.plist */,
				692DAFE9197D60DC004AC666 /* InfoPlist.strings */,
			);
			name = "Supporting Files";
			sourceTree = "<group>";
		};
/* End PBXGroup section */

/* Begin PBXNativeTarget section */
		692DAFBA197D60DC004AC666 /* matchme */ = {
			isa = PBXNativeTarget;
			buildConfigurationList = 692DAFF0197D60DC004AC666 /* Build configuration list for PBXNativeTarget "matchme" */;
			buildPhases = (
				692DAFB7197D60DC004AC666 /* Sources */,
				692DAFB8197D60DC004AC666 /* Frameworks */,
				692DAFB9197D60DC004AC666 /* Resources */,
			);
			buildRules = (
			);
			dependencies = (
			);
			name = matchme;
			productName = matchme;
			productReference = 692DAFBB197D60DC004AC666 /* matchme.app */;
			productType = "com.apple.product-type.application";
		};
		692DAFDE197D60DC004AC666 /* matchmeTests */ = {
			isa = PBXNativeTarget;
			buildConfigurationList = 692DAFF3197D60DC004AC666 /* Build configuration list for PBXNativeTarget "matchmeTests" */;
			buildPhases = (
				692DAFDB197D60DC004AC666 /* Sources */,
				692DAFDC197D60DC004AC666 /* Frameworks */,
				692DAFDD197D60DC004AC666 /* Resources */,
			);
			buildRules = (
			);
			dependencies = (
				692DAFE5197D60DC004AC666 /* PBXTargetDependency */,
			);
			name = matchmeTests;
			productName = matchmeTests;
			productReference = 692DAFDF197D60DC004AC666 /* matchmeTests.xctest */;
			productType = "com.apple.product-type.bundle.unit-test";
		};
/* End PBXNativeTarget section */

/* Begin PBXProject section */
		692DAFB3197D60DC004AC666 /* Project object */ = {
			isa = PBXProject;
			attributes = {
				LastUpgradeCheck = 0510;
				TargetAttributes = {
					692DAFDE197D60DC004AC666 = {
						TestTargetID = 692DAFBA197D60DC004AC666;
					};
				};
			};
			buildConfigurationList = 692DAFB6197D60DC004AC666 /* Build configuration list for PBXProject "matchme" */;
			compatibilityVersion = "Xcode 3.2";
			developmentRegion = English;
			hasScannedForEncodings = 0;
			knownRegions = (
				en,
				Base,
			);
			mainGroup = 692DAFB2197D60DC004AC666;
			productRefGroup = 692DAFBC197D60DC004AC666 /* Products */;
			projectDirPath = "";
			projectRoot = "";
			targets = (
				692DAFBA197D60DC004AC666 /* matchme */,
				692DAFDE197D60DC004AC666 /* matchmeTests */,
			);
		};
/* End PBXProject section */

/* Begin PBXResourcesBuildPhase section */
		692DAFB9197D60DC004AC666 /* Resources */ = {
			isa = PBXResourcesBuildPhase;
			buildActionMask = 2147483647;
			files = (
				692DAFD5197D60DC004AC666 /* Main_iPad.storyboard in Resources */,
				692DAFDA197D60DC004AC666 /* Images.xcassets in Resources */,
				692DAFD2197D60DC004AC666 /* Main_iPhone.storyboard in Resources */,
				692DAFC9197D60DC004AC666 /* InfoPlist.strings in Resources */,
			);
			runOnlyForDeploymentPostprocessing = 0;
		};
		692DAFDD197D60DC004AC666 /* Resources */ = {
			isa = PBXResourcesBuildPhase;
			buildActionMask = 2147483647;
			files = (
				692DAFEB197D60DC004AC666 /* InfoPlist.strings in Resources */,
			);
			runOnlyForDeploymentPostprocessing = 0;
		};
/* End PBXResourcesBuildPhase section */

/* Begin PBXSourcesBuildPhase section */
		692DAFB7197D60DC004AC666 /* Sources */ = {
			isa = PBXSourcesBuildPhase;
			buildActionMask = 2147483647;
			files = (
				692DAFD8197D60DC004AC666 /* ViewController.m in Sources */,
				692DAFCF197D60DC004AC666 /* AppDelegate.m in Sources */,
				692DAFCB197D60DC004AC666 /* main.m in Sources */,
			);
			runOnlyForDeploymentPostprocessing = 0;
		};
		692DAFDB197D60DC004AC666 /* Sources */ = {
			isa = PBXSourcesBuildPhase;
			buildActionMask = 2147483647;
			files = (
				692DAFED197D60DC004AC666 /* matchmeTests.m in Sources */,
			);
			runOnlyForDeploymentPostprocessing = 0;
		};
/* End PBXSourcesBuildPhase section */

/* Begin PBXTargetDependency section */
		692DAFE5197D60DC004AC666 /* PBXTargetDependency */ = {
			isa = PBXTargetDependency;
			target = 692DAFBA197D60DC004AC666 /* matchme */;
			targetProxy = 692DAFE4197D60DC004AC666 /* PBXContainerItemProxy */;
		};
/* End PBXTargetDependency section */

/* Begin PBXVariantGroup section */
		692DAFC7197D60DC004AC666 /* InfoPlist.strings */ = {
			isa = PBXVariantGroup;
			children = (
				692DAFC8197D60DC004AC666 /* en */,
			);
			name = InfoPlist.strings;
			sourceTree = "<group>";
		};
		692DAFD0197D60DC004AC666 /* Main_iPhone.storyboard */ = {
			isa = PBXVariantGroup;
			children = (
				692DAFD1197D60DC004AC666 /* Base */,
			);
			name = Main_iPhone.storyboard;
			sourceTree = "<group>";
		};
		692DAFD3197D60DC004AC666 /* Main_iPad.storyboard */ = {
			isa = PBXVariantGroup;
			children = (
				692DAFD4197D60DC004AC666 /* Base */,
			);
			name = Main_iPad.storyboard;
			sourceTree = "<group>";
		};
		692DAFE9197D60DC004AC666 /* InfoPlist.strings */ = {
			isa = PBXVariantGroup;
			children = (
				692DAFEA197D60DC004AC666 /* en */,
			);
			name = InfoPlist.strings;
			sourceTree = "<group>";
		};
/* End PBXVariantGroup section */

/* Begin XCBuildConfiguration section */
		692DAFEE197D60DC004AC666 /* Debug */ = {
			isa = XCBuildConfiguration;
			buildSettings = {
				ALWAYS_SEARCH_USER_PATHS = NO;
				CLANG_CXX_LANGUAGE_STANDARD = "gnu++0x";
				CLANG_CXX_LIBRARY = "libc++";
				CLANG_ENABLE_MODULES = YES;
				CLANG_ENABLE_OBJC_ARC = YES;
				CLANG_WARN_BOOL_CONVERSION = YES;
				CLANG_WARN_CONSTANT_CONVERSION = YES;
				CLANG_WARN_DIRECT_OBJC_ISA_USAGE = YES_ERROR;
				CLANG_WARN_EMPTY_BODY = YES;
				CLANG_WARN_ENUM_CONVERSION = YES;
				CLANG_WARN_INT_CONVERSION = YES;
				CLANG_WARN_OBJC_ROOT_CLASS = YES_ERROR;
				CLANG_WARN__DUPLICATE_METHOD_MATCH = YES;
				"CODE_SIGN_IDENTITY[sdk=iphoneos*]" = "iPhone Developer";
				COPY_PHASE_STRIP = NO;
				GCC_C_LANGUAGE_STANDARD = gnu99;
				GCC_DYNAMIC_NO_PIC = NO;
				GCC_OPTIMIZATION_LEVEL = 0;
				GCC_PREPROCESSOR_DEFINITIONS = (
					"DEBUG=1",
					"$(inherited)",
				);
				GCC_SYMBOLS_PRIVATE_EXTERN = NO;
				GCC_WARN_64_TO_32_BIT_CONVERSION = YES;
				GCC_WARN_ABOUT_RETURN_TYPE = YES_ERROR;
				GCC_WARN_UNDECLARED_SELECTOR = YES;
				GCC_WARN_UNINITIALIZED_AUTOS = YES_AGGRESSIVE;
				GCC_WARN_UNUSED_FUNCTION = YES;
				GCC_WARN_UNUSED_VARIABLE = YES;
				IPHONEOS_DEPLOYMENT_TARGET = 7.1;
				ONLY_ACTIVE_ARCH = YES;
				SDKROOT = iphoneos;
				TARGETED_DEVICE_FAMILY = "1,2";
			};
			name = Debug;
		};
		692DAFEF197D60DC004AC666 /* Release */ = {
			isa = XCBuildConfiguration;
			buildSettings = {
				ALWAYS_SEARCH_USER_PATHS = NO;
				CLANG_CXX_LANGUAGE_STANDARD = "gnu++0x";
				CLANG_CXX_LIBRARY = "libc++";
				CLANG_ENABLE_MODULES = YES;
				CLANG_ENABLE_OBJC_ARC = YES;
				CLANG_WARN_BOOL_CONVERSION = YES;
				CLANG_WARN_CONSTANT_CONVERSION = YES;
				CLANG_WARN_DIRECT_OBJC_ISA_USAGE = YES_ERROR;
				CLANG_WARN_EMPTY_BODY = YES;
				CLANG_WARN_ENUM_CONVERSION = YES;
				CLANG_WARN_INT_CONVERSION = YES;
				CLANG_WARN_OBJC_ROOT_CLASS = YES_ERROR;
				CLANG_WARN__DUPLICATE_METHOD_MATCH = YES;
				"CODE_SIGN_IDENTITY[sdk=iphoneos*]" = "iPhone Developer";
				COPY_PHASE_STRIP = YES;
				ENABLE_NS_ASSERTIONS = NO;
				GCC_C_LANGUAGE_STANDARD = gnu99;
				GCC_WARN_64_TO_32_BIT_CONVERSION = YES;
				GCC_WARN_ABOUT_RETURN_TYPE = YES_ERROR;
				GCC_WARN_UNDECLARED_SELECTOR = YES;
				GCC_WARN_UNINITIALIZED_AUTOS = YES_AGGRESSIVE;
				GCC_WARN_UNUSED_FUNCTION = YES;
				GCC_WARN_UNUSED_VARIABLE = YES;
				IPHONEOS_DEPLOYMENT_TARGET = 7.1;
				SDKROOT = iphoneos;
				TARGETED_DEVICE_FAMILY = "1,2";
				VALIDATE_PRODUCT = YES;
			};
			name = Release;
		};
		692DAFF1197D60DC004AC666 /* Debug */ = {
			isa = XCBuildConfiguration;
			buildSettings = {
				ASSETCATALOG_COMPILER_APPICON_NAME = AppIcon;
				ASSETCATALOG_COMPILER_LAUNCHIMAGE_NAME = LaunchImage;
				GCC_PRECOMPILE_PREFIX_HEADER = YES;
				GCC_PREFIX_HEADER = "matchme/matchme-Prefix.pch";
				INFOPLIST_FILE = "matchme/matchme-Info.plist";
				PRODUCT_NAME = "$(TARGET_NAME)";
				WRAPPER_EXTENSION = app;
			};
			name = Debug;
		};
		692DAFF2197D60DC004AC666 /* Release */ = {
			isa = XCBuildConfiguration;
			buildSettings = {
				ASSETCATALOG_COMPILER_APPICON_NAME = AppIcon;
				ASSETCATALOG_COMPILER_LAUNCHIMAGE_NAME = LaunchImage;
				GCC_PRECOMPILE_PREFIX_HEADER = YES;
				GCC_PREFIX_HEADER = "matchme/matchme-Prefix.pch";
				INFOPLIST_FILE = "matchme/matchme-Info.plist";
				PRODUCT_NAME = "$(TARGET_NAME)";
				WRAPPER_EXTENSION = app;
			};
			name = Release;
		};
		692DAFF4197D60DC004AC666 /* Debug */ = {
			isa = XCBuildConfiguration;
			buildSettings = {
				BUNDLE_LOADER = "$(BUILT_PRODUCTS_DIR)/matchme.app/matchme";
				FRAMEWORK_SEARCH_PATHS = (
					"$(SDKROOT)/Developer/Library/Frameworks",
					"$(inherited)",
					"$(DEVELOPER_FRAMEWORKS_DIR)",
				);
				GCC_PRECOMPILE_PREFIX_HEADER = YES;
				GCC_PREFIX_HEADER = "matchme/matchme-Prefix.pch";
				GCC_PREPROCESSOR_DEFINITIONS = (
					"DEBUG=1",
					"$(inherited)",
				);
				INFOPLIST_FILE = "matchmeTests/matchmeTests-Info.plist";
				PRODUCT_NAME = "$(TARGET_NAME)";
				TEST_HOST = "$(BUNDLE_LOADER)";
				WRAPPER_EXTENSION = xctest;
			};
			name = Debug;
		};
		692DAFF5197D60DC004AC666 /* Release */ = {
			isa = XCBuildConfiguration;
			buildSettings = {
				BUNDLE_LOADER = "$(BUILT_PRODUCTS_DIR)/matchme.app/matchme";
				FRAMEWORK_SEARCH_PATHS = (
					"$(SDKROOT)/Developer/Library/Frameworks",
					"$(inherited)",
					"$(DEVELOPER_FRAMEWORKS_DIR)",
				);
				GCC_PRECOMPILE_PREFIX_HEADER = YES;
				GCC_PREFIX_HEADER = "matchme/matchme-Prefix.pch";
				INFOPLIST_FILE = "matchmeTests/matchmeTests-Info.plist";
				PRODUCT_NAME = "$(TARGET_NAME)";
				TEST_HOST = "$(BUNDLE_LOADER)";
				WRAPPER_EXTENSION = xctest;
			};
			name = Release;
		};
/* End XCBuildConfiguration section */

/* Begin XCConfigurationList section */
		692DAFB6197D60DC004AC666 /* Build configuration list for PBXProject "matchme" */ = {
			isa = XCConfigurationList;
			buildConfigurations = (
				692DAFEE197D60DC004AC666 /* Debug */,
				692DAFEF197D60DC004AC666 /* Release */,
			);
			defaultConfigurationIsVisible = 0;
			defaultConfigurationName = Release;
		};
		692DAFF0197D60DC004AC666 /* Build configuration list for PBXNativeTarget "matchme" */ = {
			isa = XCConfigurationList;
			buildConfigurations = (
				692DAFF1197D60DC004AC666 /* Debug */,
				692DAFF2197D60DC004AC666 /* Release */,
			);
			defaultConfigurationIsVisible = 0;
		};
		692DAFF3197D60DC004AC666 /* Build configuration list for PBXNativeTarget "matchmeTests" */ = {
			isa = XCConfigurationList;
			buildConfigurations = (
				692DAFF4197D60DC004AC666 /* Debug */,
				692DAFF5197D60DC004AC666 /* Release */,
			);
			defaultConfigurationIsVisible = 0;
		};
/* End XCConfigurationList section */
	};
	rootObject = 692DAFB3197D60DC004AC666 /* Project object */;
}
